
Microsoft Visual Studio Solution File, Format Version 12.00
# Visual Studio Version 17
VisualStudioVersion = 17.11.35303.130
MinimumVisualStudioVersion = 10.0.40219.1
Project("{FAE04EC0-301F-11D3-BF4B-00C04F79EFBC}") = "Garipov_PM01", "Garipov_PM01\Garipov_PM01.csproj", "{2772DD0A-75E9-43C8-B026-8653233E98A8}"
EndProject
Global
	GlobalSection(SolutionConfigurationPlatforms) = preSolution
		Debug|Any CPU = Debug|Any CPU
		Release|Any CPU = Release|Any CPU
	EndGlobalSection
	GlobalSection(ProjectConfigurationPlatforms) = postSolution
		{2772DD0A-75E9-43C8-B026-8653233E98A8}.Debug|Any CPU.ActiveCfg = Debug|Any CPU
		{2772DD0A-75E9-43C8-B026-8653233E98A8}.Debug|Any CPU.Build.0 = Debug|Any CPU
		{2772DD0A-75E9-43C8-B026-8653233E98A8}.Release|Any CPU.ActiveCfg = Release|Any CPU
		{2772DD0A-75E9-43C8-B026-8653233E98A8}.Release|Any CPU.Build.0 = Release|Any CPU
	EndGlobalSection
	GlobalSection(SolutionProperties) = preSolution
		HideSolutionNode = FALSE
	EndGlobalSection
	GlobalSection(ExtensibilityGlobals) = postSolution
		SolutionGuid = {AC2B6174-2A75-4161-B685-50DC4C2B96D5}
	EndGlobalSection
EndGlobal
